
Microsoft Visual Studio Solution File, Format Version 12.00
# Visual Studio Version 16
VisualStudioVersion = 25.0.1706.7
MinimumVisualStudioVersion = 10.0.40219.1
Project("{FAE04EC0-301F-11D3-BF4B-00C04F79EFBC}") = "HushDevTool", "HushDevTool.csproj", "{BA0EB19B-D187-4982-BD75-BD4A7FB3E367}"
EndProject
Global
	GlobalSection(SolutionConfigurationPlatforms) = preSolution
		Debug|Any CPU = Debug|Any CPU
		Release|Any CPU = Release|Any CPU
	EndGlobalSection
	GlobalSection(ProjectConfigurationPlatforms) = postSolution
		{BA0EB19B-D187-4982-BD75-BD4A7FB3E367}.Debug|Any CPU.ActiveCfg = Debug|Any CPU
		{BA0EB19B-D187-4982-BD75-BD4A7FB3E367}.Debug|Any CPU.Build.0 = Debug|Any CPU
		{BA0EB19B-D187-4982-BD75-BD4A7FB3E367}.Release|Any CPU.ActiveCfg = Release|Any CPU
		{BA0EB19B-D187-4982-BD75-BD4A7FB3E367}.Release|Any CPU.Build.0 = Release|Any CPU
	EndGlobalSection
	GlobalSection(SolutionProperties) = preSolution
		HideSolutionNode = FALSE
	EndGlobalSection
	GlobalSection(ExtensibilityGlobals) = postSolution
		SolutionGuid = {3F55AA5E-C05E-4407-88CA-4EFDB9484001}
	EndGlobalSection
EndGlobal
